
Microsoft Visual Studio Solution File, Format Version 12.00
# Visual Studio Version 17
VisualStudioVersion = 17.0.32112.339
MinimumVisualStudioVersion = 10.0.40219.1
Project("{2150E333-8FDC-42A3-9474-1A3956D46DE8}") = "src", "src", "{B1F19B5D-27F4-4AFC-9661-3FBDBE731A5C}"
EndProject
Project("{2150E333-8FDC-42A3-9474-1A3956D46DE8}") = "Domain", "Domain", "{A9AF1FF3-1E02-47C5-A3FA-AB9F88D3EA88}"
EndProject
Project("{2150E333-8FDC-42A3-9474-1A3956D46DE8}") = "WebApi", "WebApi", "{9A5DFE92-3D6E-4A66-9E3B-454007C28380}"
EndProject
Project("{2150E333-8FDC-42A3-9474-1A3956D46DE8}") = "WebView", "WebView", "{2EBCA352-19FF-439F-BA08-6A956D3EEC7A}"
EndProject
Project("{9A19103F-16F7-4668-BE54-9A1E7A4F7556}") = "deBuilding.BookSharingService.Domain", "Domain\deBuilding.BookSharingService.Domain\deBuilding.BookSharingService.Domain.csproj", "{B0EA15D7-5CA4-4063-9E1F-1C1B89E0EBAD}"
EndProject
Project("{2150E333-8FDC-42A3-9474-1A3956D46DE8}") = "Infrastucture", "Infrastucture", "{375434F3-65DB-44BD-80E3-D2D57F3A1521}"
EndProject
Project("{9A19103F-16F7-4668-BE54-9A1E7A4F7556}") = "deBuilding.BookSharingService.Infrastructure", "Infrastructure\deBuilding.BookSharingService.Infrastructure\deBuilding.BookSharingService.Infrastructure.csproj", "{0A2A8776-1B0E-4A4F-A00B-B8112FFCF10D}"
EndProject
Project("{9A19103F-16F7-4668-BE54-9A1E7A4F7556}") = "deBuildingBookSharing.WebAPI", "WebApi\deBuildingBookSharing.WebAPI\deBuildingBookSharing.WebAPI.csproj", "{F1E13230-D0E9-45D6-AFA2-00D39E30B39E}"
EndProject
Project("{9A19103F-16F7-4668-BE54-9A1E7A4F7556}") = "deBuilding.BookSharingService.WebMVC", "WebView\deBuilding.BookSharingService.WebMVC\deBuilding.BookSharingService.WebMVC.csproj", "{F84CA20F-64C9-4FC8-9839-FC60E8E250EE}"
EndProject
Project("{2150E333-8FDC-42A3-9474-1A3956D46DE8}") = "Services", "Services", "{49BB9A26-934D-437A-8B81-3C4C3D24EA6A}"
EndProject
Project("{2150E333-8FDC-42A3-9474-1A3956D46DE8}") = "Common", "Common", "{9792B3CF-ADD2-4EAA-B2D3-208B5CD4046B}"
EndProject
Project("{9A19103F-16F7-4668-BE54-9A1E7A4F7556}") = "deBuilding.BookSharingService.ServicesCommon", "Services\Common\deBuilding.BookSharingService.ServicesCommon\deBuilding.BookSharingService.ServicesCommon.csproj", "{FDAFE461-78E7-46DF-9DD8-6A66584E606A}"
EndProject
Project("{2150E333-8FDC-42A3-9474-1A3956D46DE8}") = "EventBus", "EventBus", "{23FC43AD-1FD1-454C-9F6F-EF57BC944C4F}"
EndProject
Project("{9A19103F-16F7-4668-BE54-9A1E7A4F7556}") = "deBuilding.BookSharingService.RabbitMQEventBus", "EventBus\deBuilding.BookSharingService.RabbitMQEventBus\deBuilding.BookSharingService.RabbitMQEventBus.csproj", "{A6FAB674-303D-4609-ACBF-4540C05FCB12}"
EndProject
Project("{9A19103F-16F7-4668-BE54-9A1E7A4F7556}") = "deBuilding.BookSharingService.EventBus", "EventBus\deBuilding.BookSharingService.EventBus\deBuilding.BookSharingService.EventBus.csproj", "{8CDF2C44-E734-4BF0-8F3B-ACC49DF6611C}"
EndProject
Project("{E53339B2-1760-4266-BCC7-CA923CBCF16C}") = "docker-compose", "docker-compose.dcproj", "{4518FCA0-E360-4940-9B44-E90BF63E1436}"
EndProject
Project("{2150E333-8FDC-42A3-9474-1A3956D46DE8}") = "IdentityServer", "IdentityServer", "{8060E49F-BA74-44D9-9A14-123BB55C100F}"
EndProject
Project("{9A19103F-16F7-4668-BE54-9A1E7A4F7556}") = "deBuilding.BookSharingService.IdentityServer", "IdentityServer\deBuilding.BookSharingService.IdentityServer\deBuilding.BookSharingService.IdentityServer.csproj", "{E6FD0E3A-539B-4A5E-AAC5-8E62BA72C127}"
EndProject
Project("{2150E333-8FDC-42A3-9474-1A3956D46DE8}") = "Solution Items", "Solution Items", "{F1B70ECC-E55B-43CD-ABEC-2532A560A1AB}"
	ProjectSection(SolutionItems) = preProject
		.env = .env
	EndProjectSection
EndProject
Global
	GlobalSection(SolutionConfigurationPlatforms) = preSolution
		Debug|Any CPU = Debug|Any CPU
		Release|Any CPU = Release|Any CPU
	EndGlobalSection
	GlobalSection(ProjectConfigurationPlatforms) = postSolution
		{B0EA15D7-5CA4-4063-9E1F-1C1B89E0EBAD}.Debug|Any CPU.ActiveCfg = Debug|Any CPU
		{B0EA15D7-5CA4-4063-9E1F-1C1B89E0EBAD}.Debug|Any CPU.Build.0 = Debug|Any CPU
		{B0EA15D7-5CA4-4063-9E1F-1C1B89E0EBAD}.Release|Any CPU.ActiveCfg = Release|Any CPU
		{B0EA15D7-5CA4-4063-9E1F-1C1B89E0EBAD}.Release|Any CPU.Build.0 = Release|Any CPU
		{0A2A8776-1B0E-4A4F-A00B-B8112FFCF10D}.Debug|Any CPU.ActiveCfg = Debug|Any CPU
		{0A2A8776-1B0E-4A4F-A00B-B8112FFCF10D}.Debug|Any CPU.Build.0 = Debug|Any CPU
		{0A2A8776-1B0E-4A4F-A00B-B8112FFCF10D}.Release|Any CPU.ActiveCfg = Release|Any CPU
		{0A2A8776-1B0E-4A4F-A00B-B8112FFCF10D}.Release|Any CPU.Build.0 = Release|Any CPU
		{F1E13230-D0E9-45D6-AFA2-00D39E30B39E}.Debug|Any CPU.ActiveCfg = Debug|Any CPU
		{F1E13230-D0E9-45D6-AFA2-00D39E30B39E}.Debug|Any CPU.Build.0 = Debug|Any CPU
		{F1E13230-D0E9-45D6-AFA2-00D39E30B39E}.Release|Any CPU.ActiveCfg = Release|Any CPU
		{F1E13230-D0E9-45D6-AFA2-00D39E30B39E}.Release|Any CPU.Build.0 = Release|Any CPU
		{F84CA20F-64C9-4FC8-9839-FC60E8E250EE}.Debug|Any CPU.ActiveCfg = Debug|Any CPU
		{F84CA20F-64C9-4FC8-9839-FC60E8E250EE}.Debug|Any CPU.Build.0 = Debug|Any CPU
		{F84CA20F-64C9-4FC8-9839-FC60E8E250EE}.Release|Any CPU.ActiveCfg = Release|Any CPU
		{F84CA20F-64C9-4FC8-9839-FC60E8E250EE}.Release|Any CPU.Build.0 = Release|Any CPU
		{FDAFE461-78E7-46DF-9DD8-6A66584E606A}.Debug|Any CPU.ActiveCfg = Debug|Any CPU
		{FDAFE461-78E7-46DF-9DD8-6A66584E606A}.Debug|Any CPU.Build.0 = Debug|Any CPU
		{FDAFE461-78E7-46DF-9DD8-6A66584E606A}.Release|Any CPU.ActiveCfg = Release|Any CPU
		{FDAFE461-78E7-46DF-9DD8-6A66584E606A}.Release|Any CPU.Build.0 = Release|Any CPU
		{A6FAB674-303D-4609-ACBF-4540C05FCB12}.Debug|Any CPU.ActiveCfg = Debug|Any CPU
		{A6FAB674-303D-4609-ACBF-4540C05FCB12}.Debug|Any CPU.Build.0 = Debug|Any CPU
		{A6FAB674-303D-4609-ACBF-4540C05FCB12}.Release|Any CPU.ActiveCfg = Release|Any CPU
		{A6FAB674-303D-4609-ACBF-4540C05FCB12}.Release|Any CPU.Build.0 = Release|Any CPU
		{8CDF2C44-E734-4BF0-8F3B-ACC49DF6611C}.Debug|Any CPU.ActiveCfg = Debug|Any CPU
		{8CDF2C44-E734-4BF0-8F3B-ACC49DF6611C}.Debug|Any CPU.Build.0 = Debug|Any CPU
		{8CDF2C44-E734-4BF0-8F3B-ACC49DF6611C}.Release|Any CPU.ActiveCfg = Release|Any CPU
		{8CDF2C44-E734-4BF0-8F3B-ACC49DF6611C}.Release|Any CPU.Build.0 = Release|Any CPU
		{4518FCA0-E360-4940-9B44-E90BF63E1436}.Debug|Any CPU.ActiveCfg = Debug|Any CPU
		{4518FCA0-E360-4940-9B44-E90BF63E1436}.Debug|Any CPU.Build.0 = Debug|Any CPU
		{4518FCA0-E360-4940-9B44-E90BF63E1436}.Release|Any CPU.ActiveCfg = Release|Any CPU
		{4518FCA0-E360-4940-9B44-E90BF63E1436}.Release|Any CPU.Build.0 = Release|Any CPU
		{E6FD0E3A-539B-4A5E-AAC5-8E62BA72C127}.Debug|Any CPU.ActiveCfg = Debug|Any CPU
		{E6FD0E3A-539B-4A5E-AAC5-8E62BA72C127}.Debug|Any CPU.Build.0 = Debug|Any CPU
		{E6FD0E3A-539B-4A5E-AAC5-8E62BA72C127}.Release|Any CPU.ActiveCfg = Release|Any CPU
		{E6FD0E3A-539B-4A5E-AAC5-8E62BA72C127}.Release|Any CPU.Build.0 = Release|Any CPU
	EndGlobalSection
	GlobalSection(SolutionProperties) = preSolution
		HideSolutionNode = FALSE
	EndGlobalSection
	GlobalSection(NestedProjects) = preSolution
		{A9AF1FF3-1E02-47C5-A3FA-AB9F88D3EA88} = {B1F19B5D-27F4-4AFC-9661-3FBDBE731A5C}
		{9A5DFE92-3D6E-4A66-9E3B-454007C28380} = {B1F19B5D-27F4-4AFC-9661-3FBDBE731A5C}
		{2EBCA352-19FF-439F-BA08-6A956D3EEC7A} = {B1F19B5D-27F4-4AFC-9661-3FBDBE731A5C}
		{B0EA15D7-5CA4-4063-9E1F-1C1B89E0EBAD} = {A9AF1FF3-1E02-47C5-A3FA-AB9F88D3EA88}
		{375434F3-65DB-44BD-80E3-D2D57F3A1521} = {B1F19B5D-27F4-4AFC-9661-3FBDBE731A5C}
		{0A2A8776-1B0E-4A4F-A00B-B8112FFCF10D} = {375434F3-65DB-44BD-80E3-D2D57F3A1521}
		{F1E13230-D0E9-45D6-AFA2-00D39E30B39E} = {9A5DFE92-3D6E-4A66-9E3B-454007C28380}
		{F84CA20F-64C9-4FC8-9839-FC60E8E250EE} = {2EBCA352-19FF-439F-BA08-6A956D3EEC7A}
		{49BB9A26-934D-437A-8B81-3C4C3D24EA6A} = {B1F19B5D-27F4-4AFC-9661-3FBDBE731A5C}
		{9792B3CF-ADD2-4EAA-B2D3-208B5CD4046B} = {49BB9A26-934D-437A-8B81-3C4C3D24EA6A}
		{FDAFE461-78E7-46DF-9DD8-6A66584E606A} = {9792B3CF-ADD2-4EAA-B2D3-208B5CD4046B}
		{23FC43AD-1FD1-454C-9F6F-EF57BC944C4F} = {B1F19B5D-27F4-4AFC-9661-3FBDBE731A5C}
		{A6FAB674-303D-4609-ACBF-4540C05FCB12} = {23FC43AD-1FD1-454C-9F6F-EF57BC944C4F}
		{8CDF2C44-E734-4BF0-8F3B-ACC49DF6611C} = {23FC43AD-1FD1-454C-9F6F-EF57BC944C4F}
		{8060E49F-BA74-44D9-9A14-123BB55C100F} = {B1F19B5D-27F4-4AFC-9661-3FBDBE731A5C}
		{E6FD0E3A-539B-4A5E-AAC5-8E62BA72C127} = {8060E49F-BA74-44D9-9A14-123BB55C100F}
	EndGlobalSection
	GlobalSection(ExtensibilityGlobals) = postSolution
		SolutionGuid = {BBE8CCAB-4450-4171-ADCB-90E6747CE666}
	EndGlobalSection
EndGlobal
